
Microsoft Visual Studio Solution File, Format Version 12.00
# Visual Studio 2013
VisualStudioVersion = 12.0.31101.0
MinimumVisualStudioVersion = 10.0.40219.1
Project("{FAE04EC0-301F-11D3-BF4B-00C04F79EFBC}") = "DAL", "DAL\DAL.csproj", "{B799D55F-D640-4B7C-B428-926F47F663F1}"
EndProject
Project("{FAE04EC0-301F-11D3-BF4B-00C04F79EFBC}") = "ConsoleApp", "ConsoleApp\ConsoleApp.csproj", "{15559871-9529-47DD-A0D1-586E0F9F5B8A}"
EndProject
Project("{FAE04EC0-301F-11D3-BF4B-00C04F79EFBC}") = "BL", "BL\BL.csproj", "{E3326642-91F5-4605-87CE-51176759F73B}"
EndProject
Global
	GlobalSection(SolutionConfigurationPlatforms) = preSolution
		Debug|Any CPU = Debug|Any CPU
		Release|Any CPU = Release|Any CPU
	EndGlobalSection
	GlobalSection(ProjectConfigurationPlatforms) = postSolution
		{B799D55F-D640-4B7C-B428-926F47F663F1}.Debug|Any CPU.ActiveCfg = Debug|Any CPU
		{B799D55F-D640-4B7C-B428-926F47F663F1}.Debug|Any CPU.Build.0 = Debug|Any CPU
		{B799D55F-D640-4B7C-B428-926F47F663F1}.Release|Any CPU.ActiveCfg = Release|Any CPU
		{B799D55F-D640-4B7C-B428-926F47F663F1}.Release|Any CPU.Build.0 = Release|Any CPU
		{15559871-9529-47DD-A0D1-586E0F9F5B8A}.Debug|Any CPU.ActiveCfg = Debug|Any CPU
		{15559871-9529-47DD-A0D1-586E0F9F5B8A}.Debug|Any CPU.Build.0 = Debug|Any CPU
		{15559871-9529-47DD-A0D1-586E0F9F5B8A}.Release|Any CPU.ActiveCfg = Release|Any CPU
		{15559871-9529-47DD-A0D1-586E0F9F5B8A}.Release|Any CPU.Build.0 = Release|Any CPU
		{E3326642-91F5-4605-87CE-51176759F73B}.Debug|Any CPU.ActiveCfg = Debug|Any CPU
		{E3326642-91F5-4605-87CE-51176759F73B}.Debug|Any CPU.Build.0 = Debug|Any CPU
		{E3326642-91F5-4605-87CE-51176759F73B}.Release|Any CPU.ActiveCfg = Release|Any CPU
		{E3326642-91F5-4605-87CE-51176759F73B}.Release|Any CPU.Build.0 = Release|Any CPU
	EndGlobalSection
	GlobalSection(SolutionProperties) = preSolution
		HideSolutionNode = FALSE
	EndGlobalSection
EndGlobal
