
Microsoft Visual Studio Solution File, Format Version 12.00
# Visual Studio 2013
VisualStudioVersion = 12.0.31101.0
MinimumVisualStudioVersion = 10.0.40219.1
Project("{FAE04EC0-301F-11D3-BF4B-00C04F79EFBC}") = "WinApp", "WinApp\WinApp.csproj", "{CBF6B5FE-6BBB-4A2D-8086-674BE60BE111}"
EndProject
Project("{FAE04EC0-301F-11D3-BF4B-00C04F79EFBC}") = "BL", "BL\BL.csproj", "{149B0035-A053-426D-BEFA-8F7E21456483}"
EndProject
Global
	GlobalSection(SolutionConfigurationPlatforms) = preSolution
		Debug|Any CPU = Debug|Any CPU
		Release|Any CPU = Release|Any CPU
	EndGlobalSection
	GlobalSection(ProjectConfigurationPlatforms) = postSolution
		{CBF6B5FE-6BBB-4A2D-8086-674BE60BE111}.Debug|Any CPU.ActiveCfg = Debug|Any CPU
		{CBF6B5FE-6BBB-4A2D-8086-674BE60BE111}.Debug|Any CPU.Build.0 = Debug|Any CPU
		{CBF6B5FE-6BBB-4A2D-8086-674BE60BE111}.Release|Any CPU.ActiveCfg = Release|Any CPU
		{CBF6B5FE-6BBB-4A2D-8086-674BE60BE111}.Release|Any CPU.Build.0 = Release|Any CPU
		{149B0035-A053-426D-BEFA-8F7E21456483}.Debug|Any CPU.ActiveCfg = Debug|Any CPU
		{149B0035-A053-426D-BEFA-8F7E21456483}.Debug|Any CPU.Build.0 = Debug|Any CPU
		{149B0035-A053-426D-BEFA-8F7E21456483}.Release|Any CPU.ActiveCfg = Release|Any CPU
		{149B0035-A053-426D-BEFA-8F7E21456483}.Release|Any CPU.Build.0 = Release|Any CPU
	EndGlobalSection
	GlobalSection(SolutionProperties) = preSolution
		HideSolutionNode = FALSE
	EndGlobalSection
EndGlobal
