
Microsoft Visual Studio Solution File, Format Version 12.00
# Visual Studio 2013
VisualStudioVersion = 12.0.31101.0
MinimumVisualStudioVersion = 10.0.40219.1
Project("{FAE04EC0-301F-11D3-BF4B-00C04F79EFBC}") = "NinjectPropertyChanged", "ConsoleApp\NinjectPropertyChanged.csproj", "{8730A4F8-52AD-4160-9303-6C04BC2EA149}"
EndProject
Project("{FAE04EC0-301F-11D3-BF4B-00C04F79EFBC}") = "BL", "BL\BL.csproj", "{931C68D1-719D-407B-8891-550333D9103C}"
EndProject
Global
	GlobalSection(SolutionConfigurationPlatforms) = preSolution
		Debug|Any CPU = Debug|Any CPU
		Release|Any CPU = Release|Any CPU
	EndGlobalSection
	GlobalSection(ProjectConfigurationPlatforms) = postSolution
		{8730A4F8-52AD-4160-9303-6C04BC2EA149}.Debug|Any CPU.ActiveCfg = Debug|Any CPU
		{8730A4F8-52AD-4160-9303-6C04BC2EA149}.Debug|Any CPU.Build.0 = Debug|Any CPU
		{8730A4F8-52AD-4160-9303-6C04BC2EA149}.Release|Any CPU.ActiveCfg = Release|Any CPU
		{8730A4F8-52AD-4160-9303-6C04BC2EA149}.Release|Any CPU.Build.0 = Release|Any CPU
		{931C68D1-719D-407B-8891-550333D9103C}.Debug|Any CPU.ActiveCfg = Debug|Any CPU
		{931C68D1-719D-407B-8891-550333D9103C}.Debug|Any CPU.Build.0 = Debug|Any CPU
		{931C68D1-719D-407B-8891-550333D9103C}.Release|Any CPU.ActiveCfg = Release|Any CPU
		{931C68D1-719D-407B-8891-550333D9103C}.Release|Any CPU.Build.0 = Release|Any CPU
	EndGlobalSection
	GlobalSection(SolutionProperties) = preSolution
		HideSolutionNode = FALSE
	EndGlobalSection
EndGlobal
